{
  "version": 4,
  "terraform_version": "1.7.3",
  "serial": 92,
  "lineage": "c23b2d03-bda2-89d7-1818-e241bfb03981",
  "outputs": {},
  "resources": [
    {
      "mode": "managed",
      "type": "aws_iam_user",
      "name": "example",
      "provider": "provider[\"registry.terraform.io/hashicorp/aws\"]",
      "instances": [
        {
          "index_key": "steve1",
          "schema_version": 0,
          "attributes": {
            "arn": "arn:aws:iam::490853720668:user/steve1",
            "force_destroy": false,
            "id": "steve1",
            "name": "steve1",
            "path": "/",
            "permissions_boundary": "",
            "tags": {},
            "tags_all": {},
            "unique_id": "AIDAXESJJMJOHGAS2CJVX"
          },
          "sensitive_attributes": [],
          "private": "bnVsbA=="
        }
      ]
    }
  ],
  "check_results": null
}
