{
  "version": 4,
  "terraform_version": "1.7.3",
  "serial": 4,
  "lineage": "0fcd9870-5d1d-1a69-c5a7-02cc8cc1c56c",
  "outputs": {},
  "resources": [
    {
      "mode": "managed",
      "type": "aws_vpc",
      "name": "testvpc",
      "provider": "provider[\"registry.terraform.io/hashicorp/aws\"]",
      "instances": [
        {
          "schema_version": 1,
          "attributes": {
            "arn": "arn:aws:ec2:us-east-1:490853720668:vpc/vpc-0a9d483ad5c167e9d",
            "assign_generated_ipv6_cidr_block": false,
            "cidr_block": "10.0.0.0/16",
            "default_network_acl_id": "acl-0a82286f1d5fc9e44",
            "default_route_table_id": "rtb-0534165d5cb43ea6e",
            "default_security_group_id": "sg-09b38f70901ce8777",
            "dhcp_options_id": "dopt-0790026b369d16794",
            "enable_dns_hostnames": false,
            "enable_dns_support": true,
            "enable_network_address_usage_metrics": false,
            "id": "vpc-0a9d483ad5c167e9d",
            "instance_tenancy": "default",
            "ipv4_ipam_pool_id": null,
            "ipv4_netmask_length": null,
            "ipv6_association_id": "",
            "ipv6_cidr_block": "",
            "ipv6_cidr_block_network_border_group": "",
            "ipv6_ipam_pool_id": "",
            "ipv6_netmask_length": 0,
            "main_route_table_id": "rtb-0534165d5cb43ea6e",
            "owner_id": "490853720668",
            "tags": {
              "Name": "testvpc"
            },
            "tags_all": {
              "Name": "testvpc"
            }
          },
          "sensitive_attributes": [],
          "private": "eyJzY2hlbWFfdmVyc2lvbiI6IjEifQ=="
        }
      ]
    }
  ],
  "check_results": null
}
